
Microsoft Visual Studio Solution File, Format Version 12.00
# Visual Studio Version 16
VisualStudioVersion = 16.0.29613.14
MinimumVisualStudioVersion = 10.0.40219.1
Project("{FAE04EC0-301F-11D3-BF4B-00C04F79EFBC}") = "Pb14", "Pb14.csproj", "{1C9AAB36-CE19-4623-A5DA-71A89F0A666A}"
EndProject
Global
	GlobalSection(SolutionConfigurationPlatforms) = preSolution
		Debug|Any CPU = Debug|Any CPU
		Release|Any CPU = Release|Any CPU
	EndGlobalSection
	GlobalSection(ProjectConfigurationPlatforms) = postSolution
		{1C9AAB36-CE19-4623-A5DA-71A89F0A666A}.Debug|Any CPU.ActiveCfg = Debug|Any CPU
		{1C9AAB36-CE19-4623-A5DA-71A89F0A666A}.Debug|Any CPU.Build.0 = Debug|Any CPU
		{1C9AAB36-CE19-4623-A5DA-71A89F0A666A}.Release|Any CPU.ActiveCfg = Release|Any CPU
		{1C9AAB36-CE19-4623-A5DA-71A89F0A666A}.Release|Any CPU.Build.0 = Release|Any CPU
	EndGlobalSection
	GlobalSection(SolutionProperties) = preSolution
		HideSolutionNode = FALSE
	EndGlobalSection
	GlobalSection(ExtensibilityGlobals) = postSolution
		SolutionGuid = {D0FAB3AC-710A-4393-8756-28189066E1F5}
	EndGlobalSection
EndGlobal
