
Microsoft Visual Studio Solution File, Format Version 12.00
# Visual Studio Version 16
VisualStudioVersion = 16.0.29613.14
MinimumVisualStudioVersion = 10.0.40219.1
Project("{FAE04EC0-301F-11D3-BF4B-00C04F79EFBC}") = "Pb4", "Pb4.csproj", "{91A51330-99E7-49D4-878D-3FF0A986B528}"
EndProject
Global
	GlobalSection(SolutionConfigurationPlatforms) = preSolution
		Debug|Any CPU = Debug|Any CPU
		Release|Any CPU = Release|Any CPU
	EndGlobalSection
	GlobalSection(ProjectConfigurationPlatforms) = postSolution
		{91A51330-99E7-49D4-878D-3FF0A986B528}.Debug|Any CPU.ActiveCfg = Debug|Any CPU
		{91A51330-99E7-49D4-878D-3FF0A986B528}.Debug|Any CPU.Build.0 = Debug|Any CPU
		{91A51330-99E7-49D4-878D-3FF0A986B528}.Release|Any CPU.ActiveCfg = Release|Any CPU
		{91A51330-99E7-49D4-878D-3FF0A986B528}.Release|Any CPU.Build.0 = Release|Any CPU
	EndGlobalSection
	GlobalSection(SolutionProperties) = preSolution
		HideSolutionNode = FALSE
	EndGlobalSection
	GlobalSection(ExtensibilityGlobals) = postSolution
		SolutionGuid = {EE868375-64C4-471E-9CB9-E07250DDEA28}
	EndGlobalSection
EndGlobal
