
Microsoft Visual Studio Solution File, Format Version 12.00
# Visual Studio Version 16
VisualStudioVersion = 16.0.29613.14
MinimumVisualStudioVersion = 10.0.40219.1
Project("{FAE04EC0-301F-11D3-BF4B-00C04F79EFBC}") = "Pb3", "Pb3.csproj", "{B7176EE7-1460-46AF-82CF-26EB6FB9C6E5}"
EndProject
Global
	GlobalSection(SolutionConfigurationPlatforms) = preSolution
		Debug|Any CPU = Debug|Any CPU
		Release|Any CPU = Release|Any CPU
	EndGlobalSection
	GlobalSection(ProjectConfigurationPlatforms) = postSolution
		{B7176EE7-1460-46AF-82CF-26EB6FB9C6E5}.Debug|Any CPU.ActiveCfg = Debug|Any CPU
		{B7176EE7-1460-46AF-82CF-26EB6FB9C6E5}.Debug|Any CPU.Build.0 = Debug|Any CPU
		{B7176EE7-1460-46AF-82CF-26EB6FB9C6E5}.Release|Any CPU.ActiveCfg = Release|Any CPU
		{B7176EE7-1460-46AF-82CF-26EB6FB9C6E5}.Release|Any CPU.Build.0 = Release|Any CPU
	EndGlobalSection
	GlobalSection(SolutionProperties) = preSolution
		HideSolutionNode = FALSE
	EndGlobalSection
	GlobalSection(ExtensibilityGlobals) = postSolution
		SolutionGuid = {BA60C175-9135-4368-BA9D-111DCC33D8C6}
	EndGlobalSection
EndGlobal
