
Microsoft Visual Studio Solution File, Format Version 12.00
# Visual Studio Version 16
VisualStudioVersion = 16.0.29613.14
MinimumVisualStudioVersion = 10.0.40219.1
Project("{FAE04EC0-301F-11D3-BF4B-00C04F79EFBC}") = "Pb21", "Pb21.csproj", "{F9C6640C-58F5-4B1F-81CF-0717038498C4}"
EndProject
Global
	GlobalSection(SolutionConfigurationPlatforms) = preSolution
		Debug|Any CPU = Debug|Any CPU
		Release|Any CPU = Release|Any CPU
	EndGlobalSection
	GlobalSection(ProjectConfigurationPlatforms) = postSolution
		{F9C6640C-58F5-4B1F-81CF-0717038498C4}.Debug|Any CPU.ActiveCfg = Debug|Any CPU
		{F9C6640C-58F5-4B1F-81CF-0717038498C4}.Debug|Any CPU.Build.0 = Debug|Any CPU
		{F9C6640C-58F5-4B1F-81CF-0717038498C4}.Release|Any CPU.ActiveCfg = Release|Any CPU
		{F9C6640C-58F5-4B1F-81CF-0717038498C4}.Release|Any CPU.Build.0 = Release|Any CPU
	EndGlobalSection
	GlobalSection(SolutionProperties) = preSolution
		HideSolutionNode = FALSE
	EndGlobalSection
	GlobalSection(ExtensibilityGlobals) = postSolution
		SolutionGuid = {E7219549-3527-4B4F-B3F3-01A6BD851BFC}
	EndGlobalSection
EndGlobal
