
Microsoft Visual Studio Solution File, Format Version 12.00
# Visual Studio Version 16
VisualStudioVersion = 16.0.29613.14
MinimumVisualStudioVersion = 10.0.40219.1
Project("{FAE04EC0-301F-11D3-BF4B-00C04F79EFBC}") = "Pb3", "Pb3.csproj", "{7460753C-6620-4BDD-B58A-D92353903440}"
EndProject
Global
	GlobalSection(SolutionConfigurationPlatforms) = preSolution
		Debug|Any CPU = Debug|Any CPU
		Release|Any CPU = Release|Any CPU
	EndGlobalSection
	GlobalSection(ProjectConfigurationPlatforms) = postSolution
		{7460753C-6620-4BDD-B58A-D92353903440}.Debug|Any CPU.ActiveCfg = Debug|Any CPU
		{7460753C-6620-4BDD-B58A-D92353903440}.Debug|Any CPU.Build.0 = Debug|Any CPU
		{7460753C-6620-4BDD-B58A-D92353903440}.Release|Any CPU.ActiveCfg = Release|Any CPU
		{7460753C-6620-4BDD-B58A-D92353903440}.Release|Any CPU.Build.0 = Release|Any CPU
	EndGlobalSection
	GlobalSection(SolutionProperties) = preSolution
		HideSolutionNode = FALSE
	EndGlobalSection
	GlobalSection(ExtensibilityGlobals) = postSolution
		SolutionGuid = {14D066EC-F6DA-41B1-BE18-4119F11F0C1C}
	EndGlobalSection
EndGlobal
