
Microsoft Visual Studio Solution File, Format Version 12.00
# Visual Studio Version 16
VisualStudioVersion = 16.0.29613.14
MinimumVisualStudioVersion = 10.0.40219.1
Project("{FAE04EC0-301F-11D3-BF4B-00C04F79EFBC}") = "Pb4", "Pb4.csproj", "{9225B2EC-382D-4314-9BCA-2FA536D4204F}"
EndProject
Global
	GlobalSection(SolutionConfigurationPlatforms) = preSolution
		Debug|Any CPU = Debug|Any CPU
		Release|Any CPU = Release|Any CPU
	EndGlobalSection
	GlobalSection(ProjectConfigurationPlatforms) = postSolution
		{9225B2EC-382D-4314-9BCA-2FA536D4204F}.Debug|Any CPU.ActiveCfg = Debug|Any CPU
		{9225B2EC-382D-4314-9BCA-2FA536D4204F}.Debug|Any CPU.Build.0 = Debug|Any CPU
		{9225B2EC-382D-4314-9BCA-2FA536D4204F}.Release|Any CPU.ActiveCfg = Release|Any CPU
		{9225B2EC-382D-4314-9BCA-2FA536D4204F}.Release|Any CPU.Build.0 = Release|Any CPU
	EndGlobalSection
	GlobalSection(SolutionProperties) = preSolution
		HideSolutionNode = FALSE
	EndGlobalSection
	GlobalSection(ExtensibilityGlobals) = postSolution
		SolutionGuid = {77A57BDF-A01D-4841-B126-1E762793E52F}
	EndGlobalSection
EndGlobal
