
Microsoft Visual Studio Solution File, Format Version 12.00
# Visual Studio Version 16
VisualStudioVersion = 16.0.29613.14
MinimumVisualStudioVersion = 10.0.40219.1
Project("{FAE04EC0-301F-11D3-BF4B-00C04F79EFBC}") = "Pb19", "Pb19.csproj", "{8B9DD150-4E5A-4CB6-AFD6-79BC40E4DD1C}"
EndProject
Global
	GlobalSection(SolutionConfigurationPlatforms) = preSolution
		Debug|Any CPU = Debug|Any CPU
		Release|Any CPU = Release|Any CPU
	EndGlobalSection
	GlobalSection(ProjectConfigurationPlatforms) = postSolution
		{8B9DD150-4E5A-4CB6-AFD6-79BC40E4DD1C}.Debug|Any CPU.ActiveCfg = Debug|Any CPU
		{8B9DD150-4E5A-4CB6-AFD6-79BC40E4DD1C}.Debug|Any CPU.Build.0 = Debug|Any CPU
		{8B9DD150-4E5A-4CB6-AFD6-79BC40E4DD1C}.Release|Any CPU.ActiveCfg = Release|Any CPU
		{8B9DD150-4E5A-4CB6-AFD6-79BC40E4DD1C}.Release|Any CPU.Build.0 = Release|Any CPU
	EndGlobalSection
	GlobalSection(SolutionProperties) = preSolution
		HideSolutionNode = FALSE
	EndGlobalSection
	GlobalSection(ExtensibilityGlobals) = postSolution
		SolutionGuid = {1DDC570F-401B-43A2-8AC0-DCFE6F9D715F}
	EndGlobalSection
EndGlobal
