
Microsoft Visual Studio Solution File, Format Version 12.00
# Visual Studio Version 16
VisualStudioVersion = 16.0.29613.14
MinimumVisualStudioVersion = 10.0.40219.1
Project("{FAE04EC0-301F-11D3-BF4B-00C04F79EFBC}") = "Pb7", "Pb7.csproj", "{AD618A80-94D9-498A-AEC2-53E7AC56EFE0}"
EndProject
Global
	GlobalSection(SolutionConfigurationPlatforms) = preSolution
		Debug|Any CPU = Debug|Any CPU
		Release|Any CPU = Release|Any CPU
	EndGlobalSection
	GlobalSection(ProjectConfigurationPlatforms) = postSolution
		{AD618A80-94D9-498A-AEC2-53E7AC56EFE0}.Debug|Any CPU.ActiveCfg = Debug|Any CPU
		{AD618A80-94D9-498A-AEC2-53E7AC56EFE0}.Debug|Any CPU.Build.0 = Debug|Any CPU
		{AD618A80-94D9-498A-AEC2-53E7AC56EFE0}.Release|Any CPU.ActiveCfg = Release|Any CPU
		{AD618A80-94D9-498A-AEC2-53E7AC56EFE0}.Release|Any CPU.Build.0 = Release|Any CPU
	EndGlobalSection
	GlobalSection(SolutionProperties) = preSolution
		HideSolutionNode = FALSE
	EndGlobalSection
	GlobalSection(ExtensibilityGlobals) = postSolution
		SolutionGuid = {512205D7-F377-42B0-A4B5-2989A4E6A7C6}
	EndGlobalSection
EndGlobal
